
Microsoft Visual Studio Solution File, Format Version 12.00
# Visual Studio 15
VisualStudioVersion = 15.0.28307.2092
MinimumVisualStudioVersion = 10.0.40219.1
Project("{8BC9CEB8-8B4A-11D0-8D11-00A0C91BC942}") = "3.33", "3.33\3.33.vcxproj", "{D85BA9AC-0055-443F-A899-A6374669F176}"
EndProject
Global
	GlobalSection(SolutionConfigurationPlatforms) = preSolution
		Debug|x64 = Debug|x64
		Debug|x86 = Debug|x86
		Release|x64 = Release|x64
		Release|x86 = Release|x86
	EndGlobalSection
	GlobalSection(ProjectConfigurationPlatforms) = postSolution
		{D85BA9AC-0055-443F-A899-A6374669F176}.Debug|x64.ActiveCfg = Debug|x64
		{D85BA9AC-0055-443F-A899-A6374669F176}.Debug|x64.Build.0 = Debug|x64
		{D85BA9AC-0055-443F-A899-A6374669F176}.Debug|x86.ActiveCfg = Debug|Win32
		{D85BA9AC-0055-443F-A899-A6374669F176}.Debug|x86.Build.0 = Debug|Win32
		{D85BA9AC-0055-443F-A899-A6374669F176}.Release|x64.ActiveCfg = Release|x64
		{D85BA9AC-0055-443F-A899-A6374669F176}.Release|x64.Build.0 = Release|x64
		{D85BA9AC-0055-443F-A899-A6374669F176}.Release|x86.ActiveCfg = Release|Win32
		{D85BA9AC-0055-443F-A899-A6374669F176}.Release|x86.Build.0 = Release|Win32
	EndGlobalSection
	GlobalSection(SolutionProperties) = preSolution
		HideSolutionNode = FALSE
	EndGlobalSection
	GlobalSection(ExtensibilityGlobals) = postSolution
		SolutionGuid = {B494631E-7C49-473F-B952-BD80D4456CA5}
	EndGlobalSection
EndGlobal
